
Microsoft Visual Studio Solution File, Format Version 12.00
# Visual Studio 15
VisualStudioVersion = 15.0.28010.2046
MinimumVisualStudioVersion = 10.0.40219.1
Project("{FAE04EC0-301F-11D3-BF4B-00C04F79EFBC}") = "BioskopSeeSharp", "BioskopSeeSharp\BioskopSeeSharp.csproj", "{D289178F-E623-45CF-87BE-AC02124DCE9B}"
EndProject
Global
	GlobalSection(SolutionConfigurationPlatforms) = preSolution
		Debug|Any CPU = Debug|Any CPU
		Release|Any CPU = Release|Any CPU
	EndGlobalSection
	GlobalSection(ProjectConfigurationPlatforms) = postSolution
		{D289178F-E623-45CF-87BE-AC02124DCE9B}.Debug|Any CPU.ActiveCfg = Debug|Any CPU
		{D289178F-E623-45CF-87BE-AC02124DCE9B}.Debug|Any CPU.Build.0 = Debug|Any CPU
		{D289178F-E623-45CF-87BE-AC02124DCE9B}.Release|Any CPU.ActiveCfg = Release|Any CPU
		{D289178F-E623-45CF-87BE-AC02124DCE9B}.Release|Any CPU.Build.0 = Release|Any CPU
	EndGlobalSection
	GlobalSection(SolutionProperties) = preSolution
		HideSolutionNode = FALSE
	EndGlobalSection
	GlobalSection(ExtensibilityGlobals) = postSolution
		SolutionGuid = {51334B37-9140-49BA-8DF6-5856CE4F6996}
	EndGlobalSection
EndGlobal
